
Microsoft Visual Studio Solution File, Format Version 12.00
# Visual Studio Version 17
VisualStudioVersion = 17.1.32421.90
MinimumVisualStudioVersion = 10.0.40219.1
Project("{FAE04EC0-301F-11D3-BF4B-00C04F79EFBC}") = "AppEvaluator", "AppEvaluator\AppEvaluator.csproj", "{4159A0BD-AF5E-4DDA-AA8F-0372594AE40F}"
EndProject
Project("{54435603-DBB4-11D2-8724-00A0C9A8B90C}") = "AppEvaluator Setup", "Setups\AppEvaluatorSetup.vdproj", "{FD3428BF-248D-487A-99AB-1DF46CD0C902}"
EndProject
Project("{FAE04EC0-301F-11D3-BF4B-00C04F79EFBC}") = "AppEvaluatorServer", "AppEvaluatorServer\AppEvaluatorServer.csproj", "{F3559FB6-C400-43AB-ACD2-1A00DA2F25AB}"
EndProject
Project("{FAE04EC0-301F-11D3-BF4B-00C04F79EFBC}") = "ServerContracts", "ServerContracts\ServerContracts.csproj", "{FF5191BC-8C10-4DF1-A7EA-9BCB80A144CB}"
EndProject
Global
	GlobalSection(SolutionConfigurationPlatforms) = preSolution
		Debug|Any CPU = Debug|Any CPU
		Release|Any CPU = Release|Any CPU
	EndGlobalSection
	GlobalSection(ProjectConfigurationPlatforms) = postSolution
		{4159A0BD-AF5E-4DDA-AA8F-0372594AE40F}.Debug|Any CPU.ActiveCfg = Debug|Any CPU
		{4159A0BD-AF5E-4DDA-AA8F-0372594AE40F}.Debug|Any CPU.Build.0 = Debug|Any CPU
		{4159A0BD-AF5E-4DDA-AA8F-0372594AE40F}.Release|Any CPU.ActiveCfg = Release|Any CPU
		{4159A0BD-AF5E-4DDA-AA8F-0372594AE40F}.Release|Any CPU.Build.0 = Release|Any CPU
		{FD3428BF-248D-487A-99AB-1DF46CD0C902}.Debug|Any CPU.ActiveCfg = Debug
		{FD3428BF-248D-487A-99AB-1DF46CD0C902}.Release|Any CPU.ActiveCfg = Release
		{F3559FB6-C400-43AB-ACD2-1A00DA2F25AB}.Debug|Any CPU.ActiveCfg = Debug|Any CPU
		{F3559FB6-C400-43AB-ACD2-1A00DA2F25AB}.Debug|Any CPU.Build.0 = Debug|Any CPU
		{F3559FB6-C400-43AB-ACD2-1A00DA2F25AB}.Release|Any CPU.ActiveCfg = Release|Any CPU
		{F3559FB6-C400-43AB-ACD2-1A00DA2F25AB}.Release|Any CPU.Build.0 = Release|Any CPU
		{FF5191BC-8C10-4DF1-A7EA-9BCB80A144CB}.Debug|Any CPU.ActiveCfg = Debug|Any CPU
		{FF5191BC-8C10-4DF1-A7EA-9BCB80A144CB}.Debug|Any CPU.Build.0 = Debug|Any CPU
		{FF5191BC-8C10-4DF1-A7EA-9BCB80A144CB}.Release|Any CPU.ActiveCfg = Release|Any CPU
		{FF5191BC-8C10-4DF1-A7EA-9BCB80A144CB}.Release|Any CPU.Build.0 = Release|Any CPU
	EndGlobalSection
	GlobalSection(SolutionProperties) = preSolution
		HideSolutionNode = FALSE
	EndGlobalSection
	GlobalSection(ExtensibilityGlobals) = postSolution
		SolutionGuid = {0651CB6B-23C9-492D-AF8A-030B6C1AD4CA}
	EndGlobalSection
EndGlobal
