
Microsoft Visual Studio Solution File, Format Version 12.00
# Visual Studio Version 17
VisualStudioVersion = 17.1.32421.90
MinimumVisualStudioVersion = 10.0.40219.1
Project("{FAE04EC0-301F-11D3-BF4B-00C04F79EFBC}") = "AppEvaluator", "AppEvaluator\AppEvaluator.csproj", "{4159A0BD-AF5E-4DDA-AA8F-0372594AE40F}"
EndProject
Project("{54435603-DBB4-11D2-8724-00A0C9A8B90C}") = "Setup Test", "Setup Test\Setup Test.vdproj", "{FD3428BF-248D-487A-99AB-1DF46CD0C902}"
EndProject
Project("{9A19103F-16F7-4668-BE54-9A1E7A4F7556}") = "AppEvaluatorServer", "AppEvaluatorServer\AppEvaluatorServer.csproj", "{AA8D425D-A17B-4931-BC4C-2AD45A4FEEDE}"
EndProject
Global
	GlobalSection(SolutionConfigurationPlatforms) = preSolution
		Debug|Any CPU = Debug|Any CPU
		Release|Any CPU = Release|Any CPU
	EndGlobalSection
	GlobalSection(ProjectConfigurationPlatforms) = postSolution
		{4159A0BD-AF5E-4DDA-AA8F-0372594AE40F}.Debug|Any CPU.ActiveCfg = Debug|Any CPU
		{4159A0BD-AF5E-4DDA-AA8F-0372594AE40F}.Debug|Any CPU.Build.0 = Debug|Any CPU
		{4159A0BD-AF5E-4DDA-AA8F-0372594AE40F}.Release|Any CPU.ActiveCfg = Release|Any CPU
		{4159A0BD-AF5E-4DDA-AA8F-0372594AE40F}.Release|Any CPU.Build.0 = Release|Any CPU
		{FD3428BF-248D-487A-99AB-1DF46CD0C902}.Debug|Any CPU.ActiveCfg = Debug
		{FD3428BF-248D-487A-99AB-1DF46CD0C902}.Release|Any CPU.ActiveCfg = Release
		{AA8D425D-A17B-4931-BC4C-2AD45A4FEEDE}.Debug|Any CPU.ActiveCfg = Debug|Any CPU
		{AA8D425D-A17B-4931-BC4C-2AD45A4FEEDE}.Debug|Any CPU.Build.0 = Debug|Any CPU
		{AA8D425D-A17B-4931-BC4C-2AD45A4FEEDE}.Release|Any CPU.ActiveCfg = Release|Any CPU
		{AA8D425D-A17B-4931-BC4C-2AD45A4FEEDE}.Release|Any CPU.Build.0 = Release|Any CPU
	EndGlobalSection
	GlobalSection(SolutionProperties) = preSolution
		HideSolutionNode = FALSE
	EndGlobalSection
	GlobalSection(ExtensibilityGlobals) = postSolution
		SolutionGuid = {0651CB6B-23C9-492D-AF8A-030B6C1AD4CA}
	EndGlobalSection
EndGlobal
